
Microsoft Visual Studio Solution File, Format Version 12.00
# Visual Studio 15
VisualStudioVersion = 15.0.28307.168
MinimumVisualStudioVersion = 10.0.40219.1
Project("{FAE04EC0-301F-11D3-BF4B-00C04F79EFBC}") = "System.MVC", "System.Web\System.MVC.csproj", "{B7946164-9794-43BE-926A-E4A162743D8C}"
EndProject
Global
	GlobalSection(SolutionConfigurationPlatforms) = preSolution
		Debug|Any CPU = Debug|Any CPU
		Release|Any CPU = Release|Any CPU
	EndGlobalSection
	GlobalSection(ProjectConfigurationPlatforms) = postSolution
		{B7946164-9794-43BE-926A-E4A162743D8C}.Debug|Any CPU.ActiveCfg = Debug|Any CPU
		{B7946164-9794-43BE-926A-E4A162743D8C}.Debug|Any CPU.Build.0 = Debug|Any CPU
		{B7946164-9794-43BE-926A-E4A162743D8C}.Release|Any CPU.ActiveCfg = Release|Any CPU
		{B7946164-9794-43BE-926A-E4A162743D8C}.Release|Any CPU.Build.0 = Release|Any CPU
	EndGlobalSection
	GlobalSection(SolutionProperties) = preSolution
		HideSolutionNode = FALSE
	EndGlobalSection
	GlobalSection(ExtensibilityGlobals) = postSolution
		SolutionGuid = {EE9610B9-A5F5-407C-AD68-1AAD4CCADF7F}
	EndGlobalSection
EndGlobal
